github.com/pkg/errors v0.8.0 h1:WdK/asTD0HN+q6hsWO3/vpuAkAr+tw6aNJNDFFf0+qw=
github.com/pkg/errors v0.8.0/go.mod h1:bwawxfHBFNV+L2hUp1rHADufV3IMtnDRdf1r5NINEl0=
go.felesatra.moe/xdg v0.0.0-20180609034518-93689817508c h1:zt7KbW62b86ogHGvbq4TlxM5AWgwkxvSfjkoVgUTdNw=
go.felesatra.moe/xdg v0.0.0-20180609034518-93689817508c/go.mod h1:PA/TEhZdEMC3MpbKiuYdx3i8QbsiXhzQPBZLT557LVg=
